github.com/bradleyjkemp/cupaloy/v2 v2.5.0/go.mod h1:TD5UU0rdYTbu/TtuwFuWrtiRARuN7mtRipvs/bsShSE=
github.com/bradleyjkemp/memviz v0.2.3 h1:8fqKnV1xQz4NQkDy5Gklhm9fGtUK+R3oW0z1unBDFGY=
github.com/bradleyjkemp/memviz v0.2.3/go.mod h1:meU694rvawW7NqtNLtlg+TEU+UqAjrbJayEPZQUSOBs=
github.com/davecgh/go-spew v1.1.1/go.mod h1:J7Y8YcW2NihsgmVo/mv3lAwl/skON4iLHjSsI+c5H38=
github.com/dustin/go-humanize v1.0.0 h1:VSnTsYCnlFHaM2/igO1h6X3HA71jcobQuxemgkq4zYo=
github.com/dustin/go-humanize v1.0.0/go.mod h1:HtrtbFcZ19U5GC7JDqmcUSB87Iq5E25KnS6fMYU6eOk=
github.com/pmezard/go-difflib v1.0.0/go.mod h1:iKH77koFhYxTK1pcRnkKkqfTogsbg7gZNVY4sRDYZ/4=
github.com/stretchr/objx v0.1.1/go.mod h1:HFkY916IF+rwdDfMAkV7OtwuqBVzrE8GR6GFx+wExME=
github.com/stretchr/testify v1.2.2/go.mod h1:a8OnRcib4nhh0OaRAV+Yts87kKdq0PP7pXfy6kDkUVs=
